// !$*UTF8*$!
{
	archiveVersion = 1;
	classes = {
	};
	objectVersion = 46;
	objects = {

/* Begin PBXBuildFile section */
		B411835E1CBE70F8000C7557 /* utils.c in Sources */ = {isa = PBXBuildFile; fileRef = B411835C1CBE70F8000C7557 /* utils.c */; };
		B4135DAE1CBF8DC200614BC9 /* solution.c in Sources */ = {isa = PBXBuildFile; fileRef = B4135DAC1CBF8DC200614BC9 /* solution.c */; };
		B47C403D1CC9231F00D93B1C /* iterative.c in Sources */ = {isa = PBXBuildFile; fileRef = B47C403B1CC9231F00D93B1C /* iterative.c */; };
		B4C8F0941CBCE90100F02BA4 /* lsscp.c in Sources */ = {isa = PBXBuildFile; fileRef = B4C8F0931CBCE90100F02BA4 /* lsscp.c */; };
		B4F693711CC2861C00255544 /* aco.c in Sources */ = {isa = PBXBuildFile; fileRef = B4F6936F1CC2861C00255544 /* aco.c */; };
		B4F693741CC28F3300255544 /* genetic.c in Sources */ = {isa = PBXBuildFile; fileRef = B4F693721CC28F3300255544 /* genetic.c */; };
/* End PBXBuildFile section */

/* Begin PBXCopyFilesBuildPhase section */
		B4C8F08E1CBCE90100F02BA4 /* CopyFiles */ = {
			isa = PBXCopyFilesBuildPhase;
			buildActionMask = 2147483647;
			dstPath = /usr/share/man/man1/;
			dstSubfolderSpec = 0;
			files = (
			);
			runOnlyForDeploymentPostprocessing = 1;
		};
/* End PBXCopyFilesBuildPhase section */

/* Begin PBXFileReference section */
		B411835B1CBE707A000C7557 /* data.h */ = {isa = PBXFileReference; lastKnownFileType = sourcecode.c.h; path = data.h; sourceTree = "<group>"; };
		B411835C1CBE70F8000C7557 /* utils.c */ = {isa = PBXFileReference; fileEncoding = 4; lastKnownFileType = sourcecode.c.c; path = utils.c; sourceTree = "<group>"; };
		B411835D1CBE70F8000C7557 /* utils.h */ = {isa = PBXFileReference; fileEncoding = 4; lastKnownFileType = sourcecode.c.h; path = utils.h; sourceTree = "<group>"; };
		B4135DAC1CBF8DC200614BC9 /* solution.c */ = {isa = PBXFileReference; fileEncoding = 4; lastKnownFileType = sourcecode.c.c; path = solution.c; sourceTree = "<group>"; };
		B4135DAD1CBF8DC200614BC9 /* solution.h */ = {isa = PBXFileReference; fileEncoding = 4; lastKnownFileType = sourcecode.c.h; path = solution.h; sourceTree = "<group>"; };
		B45A0D2A1CC127580049BF8B /* run.sh */ = {isa = PBXFileReference; fileEncoding = 4; lastKnownFileType = text.script.sh; path = run.sh; sourceTree = "<group>"; };
		B47C403B1CC9231F00D93B1C /* iterative.c */ = {isa = PBXFileReference; fileEncoding = 4; lastKnownFileType = sourcecode.c.c; path = iterative.c; sourceTree = "<group>"; };
		B47C403C1CC9231F00D93B1C /* iterative.h */ = {isa = PBXFileReference; fileEncoding = 4; lastKnownFileType = sourcecode.c.h; path = iterative.h; sourceTree = "<group>"; };
		B49EF5AD1CC0E87900C67257 /* ACO-output */ = {isa = PBXFileReference; lastKnownFileType = folder; path = "ACO-output"; sourceTree = "<group>"; };
		B49EF5AE1CC0E87900C67257 /* best.txt */ = {isa = PBXFileReference; fileEncoding = 4; lastKnownFileType = text; path = best.txt; sourceTree = "<group>"; };
		B49EF5AF1CC0E87900C67257 /* SCP-Instances */ = {isa = PBXFileReference; lastKnownFileType = folder; path = "SCP-Instances"; sourceTree = "<group>"; };
		B4C8F0901CBCE90100F02BA4 /* HO-Project2 */ = {isa = PBXFileReference; explicitFileType = "compiled.mach-o.executable"; includeInIndex = 0; path = "HO-Project2"; sourceTree = BUILT_PRODUCTS_DIR; };
		B4C8F0931CBCE90100F02BA4 /* lsscp.c */ = {isa = PBXFileReference; lastKnownFileType = sourcecode.c.c; path = lsscp.c; sourceTree = "<group>"; };
		B4C8F09A1CBCE94E00F02BA4 /* lsscp.h */ = {isa = PBXFileReference; lastKnownFileType = sourcecode.c.h; path = lsscp.h; sourceTree = "<group>"; };
		B4F6936F1CC2861C00255544 /* aco.c */ = {isa = PBXFileReference; fileEncoding = 4; lastKnownFileType = sourcecode.c.c; path = aco.c; sourceTree = "<group>"; };
		B4F693701CC2861C00255544 /* aco.h */ = {isa = PBXFileReference; fileEncoding = 4; lastKnownFileType = sourcecode.c.h; path = aco.h; sourceTree = "<group>"; };
		B4F693721CC28F3300255544 /* genetic.c */ = {isa = PBXFileReference; fileEncoding = 4; lastKnownFileType = sourcecode.c.c; path = genetic.c; sourceTree = "<group>"; };
		B4F693731CC28F3300255544 /* genetic.h */ = {isa = PBXFileReference; fileEncoding = 4; lastKnownFileType = sourcecode.c.h; path = genetic.h; sourceTree = "<group>"; };
/* End PBXFileReference section */

/* Begin PBXFrameworksBuildPhase section */
		B4C8F08D1CBCE90100F02BA4 /* Frameworks */ = {
			isa = PBXFrameworksBuildPhase;
			buildActionMask = 2147483647;
			files = (
			);
			runOnlyForDeploymentPostprocessing = 0;
		};
/* End PBXFrameworksBuildPhase section */

/* Begin PBXGroup section */
		B4C8F0871CBCE90100F02BA4 = {
			isa = PBXGroup;
			children = (
				B4C8F0921CBCE90100F02BA4 /* HO-Project2 */,
				B4C8F0911CBCE90100F02BA4 /* Products */,
			);
			sourceTree = "<group>";
		};
		B4C8F0911CBCE90100F02BA4 /* Products */ = {
			isa = PBXGroup;
			children = (
				B4C8F0901CBCE90100F02BA4 /* HO-Project2 */,
			);
			name = Products;
			sourceTree = "<group>";
		};
		B4C8F0921CBCE90100F02BA4 /* HO-Project2 */ = {
			isa = PBXGroup;
			children = (
				B45A0D2A1CC127580049BF8B /* run.sh */,
				B49EF5AD1CC0E87900C67257 /* ACO-output */,
				B49EF5AE1CC0E87900C67257 /* best.txt */,
				B49EF5AF1CC0E87900C67257 /* SCP-Instances */,
				B4C8F0931CBCE90100F02BA4 /* lsscp.c */,
				B4C8F09A1CBCE94E00F02BA4 /* lsscp.h */,
				B411835B1CBE707A000C7557 /* data.h */,
				B411835C1CBE70F8000C7557 /* utils.c */,
				B411835D1CBE70F8000C7557 /* utils.h */,
				B4135DAC1CBF8DC200614BC9 /* solution.c */,
				B4135DAD1CBF8DC200614BC9 /* solution.h */,
				B4F6936F1CC2861C00255544 /* aco.c */,
				B4F693701CC2861C00255544 /* aco.h */,
				B4F693721CC28F3300255544 /* genetic.c */,
				B4F693731CC28F3300255544 /* genetic.h */,
				B47C403B1CC9231F00D93B1C /* iterative.c */,
				B47C403C1CC9231F00D93B1C /* iterative.h */,
			);
			path = "HO-Project2";
			sourceTree = "<group>";
		};
/* End PBXGroup section */

/* Begin PBXNativeTarget section */
		B4C8F08F1CBCE90100F02BA4 /* HO-Project2 */ = {
			isa = PBXNativeTarget;
			buildConfigurationList = B4C8F0971CBCE90100F02BA4 /* Build configuration list for PBXNativeTarget "HO-Project2" */;
			buildPhases = (
				B4C8F08C1CBCE90100F02BA4 /* Sources */,
				B4C8F08D1CBCE90100F02BA4 /* Frameworks */,
				B4C8F08E1CBCE90100F02BA4 /* CopyFiles */,
			);
			buildRules = (
			);
			dependencies = (
			);
			name = "HO-Project2";
			productName = "HO-Project2";
			productReference = B4C8F0901CBCE90100F02BA4 /* HO-Project2 */;
			productType = "com.apple.product-type.tool";
		};
/* End PBXNativeTarget section */

/* Begin PBXProject section */
		B4C8F0881CBCE90100F02BA4 /* Project object */ = {
			isa = PBXProject;
			attributes = {
				LastUpgradeCheck = 0730;
				ORGANIZATIONNAME = "Jens Nevens";
				TargetAttributes = {
					B4C8F08F1CBCE90100F02BA4 = {
						CreatedOnToolsVersion = 7.3;
					};
				};
			};
			buildConfigurationList = B4C8F08B1CBCE90100F02BA4 /* Build configuration list for PBXProject "HO-Project2" */;
			compatibilityVersion = "Xcode 3.2";
			developmentRegion = English;
			hasScannedForEncodings = 0;
			knownRegions = (
				en,
			);
			mainGroup = B4C8F0871CBCE90100F02BA4;
			productRefGroup = B4C8F0911CBCE90100F02BA4 /* Products */;
			projectDirPath = "";
			projectRoot = "";
			targets = (
				B4C8F08F1CBCE90100F02BA4 /* HO-Project2 */,
			);
		};
/* End PBXProject section */

/* Begin PBXSourcesBuildPhase section */
		B4C8F08C1CBCE90100F02BA4 /* Sources */ = {
			isa = PBXSourcesBuildPhase;
			buildActionMask = 2147483647;
			files = (
				B4F693741CC28F3300255544 /* genetic.c in Sources */,
				B4135DAE1CBF8DC200614BC9 /* solution.c in Sources */,
				B4F693711CC2861C00255544 /* aco.c in Sources */,
				B4C8F0941CBCE90100F02BA4 /* lsscp.c in Sources */,
				B411835E1CBE70F8000C7557 /* utils.c in Sources */,
				B47C403D1CC9231F00D93B1C /* iterative.c in Sources */,
			);
			runOnlyForDeploymentPostprocessing = 0;
		};
/* End PBXSourcesBuildPhase section */

/* Begin XCBuildConfiguration section */
		B4C8F0951CBCE90100F02BA4 /* Debug */ = {
			isa = XCBuildConfiguration;
			buildSettings = {
				ALWAYS_SEARCH_USER_PATHS = NO;
				CLANG_ANALYZER_NONNULL = YES;
				CLANG_CXX_LANGUAGE_STANDARD = "gnu++0x";
				CLANG_CXX_LIBRARY = "libc++";
				CLANG_ENABLE_MODULES = YES;
				CLANG_ENABLE_OBJC_ARC = YES;
				CLANG_WARN_BOOL_CONVERSION = YES;
				CLANG_WARN_CONSTANT_CONVERSION = YES;
				CLANG_WARN_DIRECT_OBJC_ISA_USAGE = YES_ERROR;
				CLANG_WARN_EMPTY_BODY = YES;
				CLANG_WARN_ENUM_CONVERSION = YES;
				CLANG_WARN_INT_CONVERSION = YES;
				CLANG_WARN_OBJC_ROOT_CLASS = YES_ERROR;
				CLANG_WARN_UNREACHABLE_CODE = YES;
				CLANG_WARN__DUPLICATE_METHOD_MATCH = YES;
				CODE_SIGN_IDENTITY = "-";
				COPY_PHASE_STRIP = NO;
				DEBUG_INFORMATION_FORMAT = dwarf;
				ENABLE_STRICT_OBJC_MSGSEND = YES;
				ENABLE_TESTABILITY = YES;
				GCC_C_LANGUAGE_STANDARD = "compiler-default";
				GCC_DYNAMIC_NO_PIC = NO;
				GCC_NO_COMMON_BLOCKS = YES;
				GCC_OPTIMIZATION_LEVEL = 0;
				GCC_PREPROCESSOR_DEFINITIONS = (
					"DEBUG=1",
					"$(inherited)",
				);
				GCC_WARN_64_TO_32_BIT_CONVERSION = YES;
				GCC_WARN_ABOUT_RETURN_TYPE = YES_ERROR;
				GCC_WARN_UNDECLARED_SELECTOR = YES;
				GCC_WARN_UNINITIALIZED_AUTOS = YES_AGGRESSIVE;
				GCC_WARN_UNUSED_FUNCTION = YES;
				GCC_WARN_UNUSED_VARIABLE = YES;
				MACOSX_DEPLOYMENT_TARGET = 10.11;
				MTL_ENABLE_DEBUG_INFO = YES;
				ONLY_ACTIVE_ARCH = YES;
				SDKROOT = macosx;
			};
			name = Debug;
		};
		B4C8F0961CBCE90100F02BA4 /* Release */ = {
			isa = XCBuildConfiguration;
			buildSettings = {
				ALWAYS_SEARCH_USER_PATHS = NO;
				CLANG_ANALYZER_NONNULL = YES;
				CLANG_CXX_LANGUAGE_STANDARD = "gnu++0x";
				CLANG_CXX_LIBRARY = "libc++";
				CLANG_ENABLE_MODULES = YES;
				CLANG_ENABLE_OBJC_ARC = YES;
				CLANG_WARN_BOOL_CONVERSION = YES;
				CLANG_WARN_CONSTANT_CONVERSION = YES;
				CLANG_WARN_DIRECT_OBJC_ISA_USAGE = YES_ERROR;
				CLANG_WARN_EMPTY_BODY = YES;
				CLANG_WARN_ENUM_CONVERSION = YES;
				CLANG_WARN_INT_CONVERSION = YES;
				CLANG_WARN_OBJC_ROOT_CLASS = YES_ERROR;
				CLANG_WARN_UNREACHABLE_CODE = YES;
				CLANG_WARN__DUPLICATE_METHOD_MATCH = YES;
				CODE_SIGN_IDENTITY = "-";
				COPY_PHASE_STRIP = NO;
				DEBUG_INFORMATION_FORMAT = "dwarf-with-dsym";
				ENABLE_NS_ASSERTIONS = NO;
				ENABLE_STRICT_OBJC_MSGSEND = YES;
				GCC_C_LANGUAGE_STANDARD = "compiler-default";
				GCC_NO_COMMON_BLOCKS = YES;
				GCC_WARN_64_TO_32_BIT_CONVERSION = YES;
				GCC_WARN_ABOUT_RETURN_TYPE = YES_ERROR;
				GCC_WARN_UNDECLARED_SELECTOR = YES;
				GCC_WARN_UNINITIALIZED_AUTOS = YES_AGGRESSIVE;
				GCC_WARN_UNUSED_FUNCTION = YES;
				GCC_WARN_UNUSED_VARIABLE = YES;
				MACOSX_DEPLOYMENT_TARGET = 10.11;
				MTL_ENABLE_DEBUG_INFO = NO;
				SDKROOT = macosx;
			};
			name = Release;
		};
		B4C8F0981CBCE90100F02BA4 /* Debug */ = {
			isa = XCBuildConfiguration;
			buildSettings = {
				PRODUCT_NAME = "$(TARGET_NAME)";
			};
			name = Debug;
		};
		B4C8F0991CBCE90100F02BA4 /* Release */ = {
			isa = XCBuildConfiguration;
			buildSettings = {
				PRODUCT_NAME = "$(TARGET_NAME)";
			};
			name = Release;
		};
/* End XCBuildConfiguration section */

/* Begin XCConfigurationList section */
		B4C8F08B1CBCE90100F02BA4 /* Build configuration list for PBXProject "HO-Project2" */ = {
			isa = XCConfigurationList;
			buildConfigurations = (
				B4C8F0951CBCE90100F02BA4 /* Debug */,
				B4C8F0961CBCE90100F02BA4 /* Release */,
			);
			defaultConfigurationIsVisible = 0;
			defaultConfigurationName = Debug;
		};
		B4C8F0971CBCE90100F02BA4 /* Build configuration list for PBXNativeTarget "HO-Project2" */ = {
			isa = XCConfigurationList;
			buildConfigurations = (
				B4C8F0981CBCE90100F02BA4 /* Debug */,
				B4C8F0991CBCE90100F02BA4 /* Release */,
			);
			defaultConfigurationIsVisible = 0;
			defaultConfigurationName = Debug;
		};
/* End XCConfigurationList section */
	};
	rootObject = B4C8F0881CBCE90100F02BA4 /* Project object */;
}
